
Microsoft Visual Studio Solution File, Format Version 12.00
# Visual Studio 15
VisualStudioVersion = 15.0.27428.2005
MinimumVisualStudioVersion = 10.0.40219.1
Project("{FAE04EC0-301F-11D3-BF4B-00C04F79EFBC}") = "BankApplication", "BankApplication\BankApplication.csproj", "{FE1032AE-B3ED-4A3D-B512-AC7167CE4E3C}"
EndProject
Global
	GlobalSection(SolutionConfigurationPlatforms) = preSolution
		Debug|Any CPU = Debug|Any CPU
		Release|Any CPU = Release|Any CPU
	EndGlobalSection
	GlobalSection(ProjectConfigurationPlatforms) = postSolution
		{FE1032AE-B3ED-4A3D-B512-AC7167CE4E3C}.Debug|Any CPU.ActiveCfg = Debug|Any CPU
		{FE1032AE-B3ED-4A3D-B512-AC7167CE4E3C}.Debug|Any CPU.Build.0 = Debug|Any CPU
		{FE1032AE-B3ED-4A3D-B512-AC7167CE4E3C}.Release|Any CPU.ActiveCfg = Release|Any CPU
		{FE1032AE-B3ED-4A3D-B512-AC7167CE4E3C}.Release|Any CPU.Build.0 = Release|Any CPU
	EndGlobalSection
	GlobalSection(SolutionProperties) = preSolution
		HideSolutionNode = FALSE
	EndGlobalSection
	GlobalSection(ExtensibilityGlobals) = postSolution
		SolutionGuid = {46E2D3C5-71FA-4CB0-B17C-842379CBEAA8}
	EndGlobalSection
EndGlobal
